
Microsoft Visual Studio Solution File, Format Version 11.00
# Visual Studio 2010
Project("{888888A0-9F3D-457C-B088-3A5042F75D52}") = "Orellia Source", "OrelliaSource\Orellia Source.pyproj", "{170F44B4-CEF6-4F47-98BA-52E2ACECCC78}"
EndProject
Global
	GlobalSection(SolutionConfigurationPlatforms) = preSolution
		Debug|Any CPU = Debug|Any CPU
		Release|Any CPU = Release|Any CPU
	EndGlobalSection
	GlobalSection(ProjectConfigurationPlatforms) = postSolution
		{170F44B4-CEF6-4F47-98BA-52E2ACECCC78}.Debug|Any CPU.ActiveCfg = Debug|Any CPU
		{170F44B4-CEF6-4F47-98BA-52E2ACECCC78}.Release|Any CPU.ActiveCfg = Release|Any CPU
	EndGlobalSection
	GlobalSection(SolutionProperties) = preSolution
		HideSolutionNode = FALSE
	EndGlobalSection
EndGlobal
